
Microsoft Visual Studio Solution File, Format Version 12.00
# Visual Studio Version 17
VisualStudioVersion = 17.10.35027.167
MinimumVisualStudioVersion = 10.0.40219.1
Project("{FAE04EC0-301F-11D3-BF4B-00C04F79EFBC}") = "ntp_projekt", "ntp_projekt\ntp_projekt.csproj", "{D781B490-2FD3-4D23-82C7-37576E26D6DF}"
EndProject
Global
	GlobalSection(SolutionConfigurationPlatforms) = preSolution
		Debug|Any CPU = Debug|Any CPU
		Release|Any CPU = Release|Any CPU
	EndGlobalSection
	GlobalSection(ProjectConfigurationPlatforms) = postSolution
		{D781B490-2FD3-4D23-82C7-37576E26D6DF}.Debug|Any CPU.ActiveCfg = Debug|Any CPU
		{D781B490-2FD3-4D23-82C7-37576E26D6DF}.Debug|Any CPU.Build.0 = Debug|Any CPU
		{D781B490-2FD3-4D23-82C7-37576E26D6DF}.Release|Any CPU.ActiveCfg = Release|Any CPU
		{D781B490-2FD3-4D23-82C7-37576E26D6DF}.Release|Any CPU.Build.0 = Release|Any CPU
	EndGlobalSection
	GlobalSection(SolutionProperties) = preSolution
		HideSolutionNode = FALSE
	EndGlobalSection
	GlobalSection(ExtensibilityGlobals) = postSolution
		SolutionGuid = {028D44E6-1BD4-4A33-ABC8-02D4F201A2BA}
	EndGlobalSection
EndGlobal
