
Microsoft Visual Studio Solution File, Format Version 12.00
# Visual Studio Version 17
VisualStudioVersion = 17.10.35027.167
MinimumVisualStudioVersion = 10.0.40219.1
Project("{FAE04EC0-301F-11D3-BF4B-00C04F79EFBC}") = "ntp_projekt", "ntp_projekt\ntp_projekt.csproj", "{D781B490-2FD3-4D23-82C7-37576E26D6DF}"
EndProject
Project("{2150E333-8FDC-42A3-9474-1A3956D46DE8}") = "Solution Items", "Solution Items", "{67680308-E972-4427-8CA8-73C9ECF63C57}"
EndProject
Project("{FAE04EC0-301F-11D3-BF4B-00C04F79EFBC}") = "dinamicLib", "dinamicLib\dinamicLib.csproj", "{542AFF19-1686-4309-9E05-D0CD55A0D790}"
EndProject
Project("{FAE04EC0-301F-11D3-BF4B-00C04F79EFBC}") = "TCPServer", "TCPServer\TCPServer.csproj", "{9DD8E0C5-706C-47C0-9BAE-9D410F4B5DB7}"
EndProject
Project("{FAE04EC0-301F-11D3-BF4B-00C04F79EFBC}") = "UDPServer", "UDPServer\UDPServer.csproj", "{18F8BB56-00E3-4A38-A866-25F411375410}"
EndProject
Project("{FAE04EC0-301F-11D3-BF4B-00C04F79EFBC}") = "TCPServerExe", "TCPServerExe\TCPServerExe.csproj", "{D0970279-FA0D-499B-974F-033A9983710F}"
Project("{9A19103F-16F7-4668-BE54-9A1E7A4F7556}") = "API", "API\API.csproj", "{4D23AC6A-B9ED-4A93-9ED4-8B2A1411B33E}"
EndProject
Project("{FAE04EC0-301F-11D3-BF4B-00C04F79EFBC}") = "DinamicLibrary", "DinamicLibrary\DinamicLibrary.csproj", "{833250AB-6832-4920-B515-2796FFF18BAA}"
EndProject
Global
	GlobalSection(SolutionConfigurationPlatforms) = preSolution
		Debug|Any CPU = Debug|Any CPU
		Release|Any CPU = Release|Any CPU
	EndGlobalSection
	GlobalSection(ProjectConfigurationPlatforms) = postSolution
		{D781B490-2FD3-4D23-82C7-37576E26D6DF}.Debug|Any CPU.ActiveCfg = Debug|Any CPU
		{D781B490-2FD3-4D23-82C7-37576E26D6DF}.Debug|Any CPU.Build.0 = Debug|Any CPU
		{D781B490-2FD3-4D23-82C7-37576E26D6DF}.Release|Any CPU.ActiveCfg = Release|Any CPU
		{D781B490-2FD3-4D23-82C7-37576E26D6DF}.Release|Any CPU.Build.0 = Release|Any CPU
		{542AFF19-1686-4309-9E05-D0CD55A0D790}.Debug|Any CPU.ActiveCfg = Debug|Any CPU
		{542AFF19-1686-4309-9E05-D0CD55A0D790}.Debug|Any CPU.Build.0 = Debug|Any CPU
		{542AFF19-1686-4309-9E05-D0CD55A0D790}.Release|Any CPU.ActiveCfg = Release|Any CPU
		{542AFF19-1686-4309-9E05-D0CD55A0D790}.Release|Any CPU.Build.0 = Release|Any CPU
		{9DD8E0C5-706C-47C0-9BAE-9D410F4B5DB7}.Debug|Any CPU.ActiveCfg = Debug|Any CPU
		{9DD8E0C5-706C-47C0-9BAE-9D410F4B5DB7}.Debug|Any CPU.Build.0 = Debug|Any CPU
		{9DD8E0C5-706C-47C0-9BAE-9D410F4B5DB7}.Release|Any CPU.ActiveCfg = Release|Any CPU
		{9DD8E0C5-706C-47C0-9BAE-9D410F4B5DB7}.Release|Any CPU.Build.0 = Release|Any CPU
		{18F8BB56-00E3-4A38-A866-25F411375410}.Debug|Any CPU.ActiveCfg = Debug|Any CPU
		{18F8BB56-00E3-4A38-A866-25F411375410}.Debug|Any CPU.Build.0 = Debug|Any CPU
		{18F8BB56-00E3-4A38-A866-25F411375410}.Release|Any CPU.ActiveCfg = Release|Any CPU
		{18F8BB56-00E3-4A38-A866-25F411375410}.Release|Any CPU.Build.0 = Release|Any CPU
		{D0970279-FA0D-499B-974F-033A9983710F}.Debug|Any CPU.ActiveCfg = Debug|Any CPU
		{D0970279-FA0D-499B-974F-033A9983710F}.Debug|Any CPU.Build.0 = Debug|Any CPU
		{D0970279-FA0D-499B-974F-033A9983710F}.Release|Any CPU.ActiveCfg = Release|Any CPU
		{D0970279-FA0D-499B-974F-033A9983710F}.Release|Any CPU.Build.0 = Release|Any CPU
		{833250AB-6832-4920-B515-2796FFF18BAA}.Debug|Any CPU.ActiveCfg = Debug|Any CPU
		{833250AB-6832-4920-B515-2796FFF18BAA}.Debug|Any CPU.Build.0 = Debug|Any CPU
		{833250AB-6832-4920-B515-2796FFF18BAA}.Release|Any CPU.ActiveCfg = Release|Any CPU
		{833250AB-6832-4920-B515-2796FFF18BAA}.Release|Any CPU.Build.0 = Release|Any CPU
		{4D23AC6A-B9ED-4A93-9ED4-8B2A1411B33E}.Debug|Any CPU.ActiveCfg = Debug|Any CPU
		{4D23AC6A-B9ED-4A93-9ED4-8B2A1411B33E}.Debug|Any CPU.Build.0 = Debug|Any CPU
		{4D23AC6A-B9ED-4A93-9ED4-8B2A1411B33E}.Release|Any CPU.ActiveCfg = Release|Any CPU
		{4D23AC6A-B9ED-4A93-9ED4-8B2A1411B33E}.Release|Any CPU.Build.0 = Release|Any CPU
	EndGlobalSection
	GlobalSection(SolutionProperties) = preSolution
		HideSolutionNode = FALSE
	EndGlobalSection
	GlobalSection(ExtensibilityGlobals) = postSolution
		SolutionGuid = {028D44E6-1BD4-4A33-ABC8-02D4F201A2BA}
	EndGlobalSection
EndGlobal
